{
  "name": "simplelogin",
  "version": "1.0.0",
  "lockfileVersion": 1,
  "requires": true,
  "dependencies": {
    "@sentry-internal/browser-utils": {
      "version": "8.33.0",
      "resolved": "https://registry.npmjs.org/@sentry-internal/browser-utils/-/browser-utils-8.33.0.tgz",
      "integrity": "sha512-zwjmD+XI3pgxxiqKGLXYDGSd+zfO7az9zzbLn1le8Vv9cRL2lZyMLcwiwEaTpwz3B0pPONeDZMT8+bzMGRs8zw==",
      "requires": {
        "@sentry/core": "8.33.0",
        "@sentry/types": "8.33.0",
        "@sentry/utils": "8.33.0"
      }
    },
    "@sentry-internal/feedback": {
      "version": "8.33.0",
      "resolved": "https://registry.npmjs.org/@sentry-internal/feedback/-/feedback-8.33.0.tgz",
      "integrity": "sha512-KSW/aiNgmJc8PDl2NsM+ONvGure4tPaluj7O1Nw+947Dh8W6CJnQ9srB7xPyoYYWyQW8Hyl1vzxY9W0J+fjlhA==",
      "requires": {
        "@sentry/core": "8.33.0",
        "@sentry/types": "8.33.0",
        "@sentry/utils": "8.33.0"
      }
    },
    "@sentry-internal/replay": {
      "version": "8.33.0",
      "resolved": "https://registry.npmjs.org/@sentry-internal/replay/-/replay-8.33.0.tgz",
      "integrity": "sha512-GFBaDA4yhlEf3wTXOVXnJVG/diuKxeqZuXcuhsAwJb+YcFR0NhgsRn3wIGuYOZZF8GBXzx9PFnb9yIuFgx5Nbw==",
      "requires": {
        "@sentry-internal/browser-utils": "8.33.0",
        "@sentry/core": "8.33.0",
        "@sentry/types": "8.33.0",
        "@sentry/utils": "8.33.0"
      }
    },
    "@sentry-internal/replay-canvas": {
      "version": "8.33.0",
      "resolved": "https://registry.npmjs.org/@sentry-internal/replay-canvas/-/replay-canvas-8.33.0.tgz",
      "integrity": "sha512-9fEhMP+gQYQrtn/SQd1Vd7U7emTSGBpLKc5h5f0iV0yDmjYAhNVbq4RgPTYAgnBEcdVo3qgboL6UIz9Dv+dYRQ==",
      "requires": {
        "@sentry-internal/replay": "8.33.0",
        "@sentry/core": "8.33.0",
        "@sentry/types": "8.33.0",
        "@sentry/utils": "8.33.0"
      }
    },
    "@sentry/browser": {
      "version": "8.33.0",
      "resolved": "https://registry.npmjs.org/@sentry/browser/-/browser-8.33.0.tgz",
      "integrity": "sha512-qu/g20ZskywEU8BWc4Fts1kXFFBtw1vS+XvPq7Ta9zCeRG5dlXhhYDVQ4/v4nAL/cs0o6aLCq73m109CFF0Kig==",
      "requires": {
        "@sentry-internal/browser-utils": "8.33.0",
        "@sentry-internal/feedback": "8.33.0",
        "@sentry-internal/replay": "8.33.0",
        "@sentry-internal/replay-canvas": "8.33.0",
        "@sentry/core": "8.33.0",
        "@sentry/types": "8.33.0",
        "@sentry/utils": "8.33.0"
      }
    },
    "@sentry/core": {
      "version": "8.33.0",
      "resolved": "https://registry.npmjs.org/@sentry/core/-/core-8.33.0.tgz",
      "integrity": "sha512-618PQGHQLBVCpAq1s+e/rpIUaLUnj19IPUgn97rUGXLLna8ETIAoyQoG70wz4q9niw4Z4GlS5kZNrael2O3+2w==",
      "requires": {
        "@sentry/types": "8.33.0",
        "@sentry/utils": "8.33.0"
      }
    },
    "@sentry/types": {
      "version": "8.33.0",
      "resolved": "https://registry.npmjs.org/@sentry/types/-/types-8.33.0.tgz",
      "integrity": "sha512-V/A+72ZdnfGtXeXIpz1kUo3LRdq3WKEYYFUR2RKpCdPh9yeOrHq6u/rmzTWx49+om0yhZN+JhVoxDzt75UoFRg=="
    },
    "@sentry/utils": {
      "version": "8.33.0",
      "resolved": "https://registry.npmjs.org/@sentry/utils/-/utils-8.33.0.tgz",
      "integrity": "sha512-TdwtGdevJij2wq2x/hDUr+x5TXt47ZhWxZ8zluai/lnIDTUB3Xs/L9yHtj1J+H9hr8obkMASE9IanUrWXzrP6Q==",
      "requires": {
        "@sentry/types": "8.33.0"
      }
    },
    "bootbox": {
      "version": "6.0.0",
      "resolved": "https://registry.npmjs.org/bootbox/-/bootbox-6.0.0.tgz",
      "integrity": "sha512-+Calbj1v5UvxAXXDAHfoBlsx63Hcz1JqHaZdJ5EjIcOlkyAbZLCreVScx0Em6ZUvsMCqynuz/3nGDyd9FtFrNQ=="
    },
    "font-awesome": {
      "version": "4.7.0",
      "resolved": "https://registry.npmjs.org/font-awesome/-/font-awesome-4.7.0.tgz",
      "integrity": "sha512-U6kGnykA/6bFmg1M/oT9EkFeIYv7JlX3bozwQJWiiLz6L0w3F5vBVPxHlwyX/vtNq1ckcpRKOB9f2Qal/VtFpg=="
    },
    "htmx.org": {
      "version": "1.7.0",
      "resolved": "https://registry.npmjs.org/htmx.org/-/htmx.org-1.7.0.tgz",
      "integrity": "sha512-wIQ3yNq7yiLTm+6BhV7Z8qKKTzEQv9xN/I4QsN5FvdGi69SNWTsSMlhH69HPa1rpZ8zSq1A/e7gTbTySxliP8g=="
    },
    "intro.js": {
      "version": "2.9.3",
      "resolved": "https://registry.npmjs.org/intro.js/-/intro.js-2.9.3.tgz",
      "integrity": "sha512-hC+EXWnEuJeA3CveGMat3XHePd2iaXNFJIVfvJh2E9IzBMGLTlhWvPIVHAgKlOpO4lNayCxEqzr4N02VmHFr9Q=="
    },
    "jquery": {
      "version": "3.6.4",
      "resolved": "https://registry.npmjs.org/jquery/-/jquery-3.6.4.tgz",
      "integrity": "sha512-v28EW9DWDFpzcD9O5iyJXg3R3+q+mET5JhnjJzQUZMHOv67bpSIHq81GEYpPNZHG+XXHsfSme3nxp/hndKEcsQ=="
    },
    "multiple-select": {
      "version": "1.5.2",
      "resolved": "https://registry.npmjs.org/multiple-select/-/multiple-select-1.5.2.tgz",
      "integrity": "sha512-sTNNRrjnTtB1b1+HTKcjQ/mjWY7Gvigo9F3C/3oTQCTFEpYzwaRYFPRAOu2SogfA1hEfyJTXjyS1VAbanJMsmA=="
    },
    "parsleyjs": {
      "version": "2.9.2",
      "resolved": "https://registry.npmjs.org/parsleyjs/-/parsleyjs-2.9.2.tgz",
      "integrity": "sha512-DKS2XXTjEUZ1BJWUzgXAr+550kFBZrom2WYweubqdV7WzdNC1hjOajZDfeBPoAZMkXumJPlB3v37IKatbiW8zQ==",
      "requires": {
        "jquery": ">=1.8.0"
      }
    },
    "qrious": {
      "version": "4.0.2",
      "resolved": "https://registry.npmjs.org/qrious/-/qrious-4.0.2.tgz",
      "integrity": "sha512-xWPJIrK1zu5Ypn898fBp8RHkT/9ibquV2Kv24S/JY9VYEhMBMKur1gHVsOiNUh7PHP9uCgejjpZUHUIXXKoU/g=="
    },
    "toastr": {
      "version": "2.1.4",
      "resolved": "https://registry.npmjs.org/toastr/-/toastr-2.1.4.tgz",
      "integrity": "sha512-LIy77F5n+sz4tefMmFOntcJ6HL0Fv3k1TDnNmFZ0bU/GcvIIfy6eG2v7zQmMiYgaalAiUv75ttFrPn5s0gyqlA==",
      "requires": {
        "jquery": ">=1.12.0"
      }
    },
    "vue": {
      "version": "2.6.14",
      "resolved": "https://registry.npmjs.org/vue/-/vue-2.6.14.tgz",
      "integrity": "sha512-x2284lgYvjOMj3Za7kqzRcUSxBboHqtgRE2zlos1qWaOye5yUmHn42LB1250NJBLRwEcdrB0JRwyPTEPhfQjiQ=="
    }
  }
}
